// !$*UTF8*$!
{
	archiveVersion = 1;
	classes = {
	};
	objectVersion = 50;
	objects = {

/* Begin PBXBuildFile section */
		B5094A3223A2F04800D95B76 /* AppDelegate.swift in Sources */ = {isa = PBXBuildFile; fileRef = B5094A3123A2F04800D95B76 /* AppDelegate.swift */; };
		B5094A3423A2F04800D95B76 /* ViewController.swift in Sources */ = {isa = PBXBuildFile; fileRef = B5094A3323A2F04800D95B76 /* ViewController.swift */; };
		B5094A3723A2F04800D95B76 /* Main.storyboard in Resources */ = {isa = PBXBuildFile; fileRef = B5094A3523A2F04800D95B76 /* Main.storyboard */; };
		B5094A3923A2F04B00D95B76 /* Assets.xcassets in Resources */ = {isa = PBXBuildFile; fileRef = B5094A3823A2F04B00D95B76 /* Assets.xcassets */; };
		B5094A3C23A2F04B00D95B76 /* LaunchScreen.storyboard in Resources */ = {isa = PBXBuildFile; fileRef = B5094A3A23A2F04B00D95B76 /* LaunchScreen.storyboard */; };
		B5094A4423A2F09700D95B76 /* Concentration.swift in Sources */ = {isa = PBXBuildFile; fileRef = B5094A4323A2F09700D95B76 /* Concentration.swift */; };
		B5094A4623A2F0A500D95B76 /* ConcentrationDetailViewController.swift in Sources */ = {isa = PBXBuildFile; fileRef = B5094A4523A2F0A500D95B76 /* ConcentrationDetailViewController.swift */; };
		B5094A4823A2F0AC00D95B76 /* ClassDetailViewController.swift in Sources */ = {isa = PBXBuildFile; fileRef = B5094A4723A2F0AC00D95B76 /* ClassDetailViewController.swift */; };
		B5094A4A23A2F0B300D95B76 /* RatingDetailTableViewController.swift in Sources */ = {isa = PBXBuildFile; fileRef = B5094A4923A2F0B300D95B76 /* RatingDetailTableViewController.swift */; };
/* End PBXBuildFile section */

/* Begin PBXFileReference section */
		B5094A2E23A2F04800D95B76 /* CSOM Class Rating.app */ = {isa = PBXFileReference; explicitFileType = wrapper.application; includeInIndex = 0; path = "CSOM Class Rating.app"; sourceTree = BUILT_PRODUCTS_DIR; };
		B5094A3123A2F04800D95B76 /* AppDelegate.swift */ = {isa = PBXFileReference; lastKnownFileType = sourcecode.swift; path = AppDelegate.swift; sourceTree = "<group>"; };
		B5094A3323A2F04800D95B76 /* ViewController.swift */ = {isa = PBXFileReference; lastKnownFileType = sourcecode.swift; path = ViewController.swift; sourceTree = "<group>"; };
		B5094A3623A2F04800D95B76 /* Base */ = {isa = PBXFileReference; lastKnownFileType = file.storyboard; name = Base; path = Base.lproj/Main.storyboard; sourceTree = "<group>"; };
		B5094A3823A2F04B00D95B76 /* Assets.xcassets */ = {isa = PBXFileReference; lastKnownFileType = folder.assetcatalog; path = Assets.xcassets; sourceTree = "<group>"; };
		B5094A3B23A2F04B00D95B76 /* Base */ = {isa = PBXFileReference; lastKnownFileType = file.storyboard; name = Base; path = Base.lproj/LaunchScreen.storyboard; sourceTree = "<group>"; };
		B5094A3D23A2F04B00D95B76 /* Info.plist */ = {isa = PBXFileReference; lastKnownFileType = text.plist.xml; path = Info.plist; sourceTree = "<group>"; };
		B5094A4323A2F09700D95B76 /* Concentration.swift */ = {isa = PBXFileReference; fileEncoding = 4; lastKnownFileType = sourcecode.swift; path = Concentration.swift; sourceTree = "<group>"; };
		B5094A4523A2F0A500D95B76 /* ConcentrationDetailViewController.swift */ = {isa = PBXFileReference; fileEncoding = 4; lastKnownFileType = sourcecode.swift; path = ConcentrationDetailViewController.swift; sourceTree = "<group>"; };
		B5094A4723A2F0AC00D95B76 /* ClassDetailViewController.swift */ = {isa = PBXFileReference; fileEncoding = 4; lastKnownFileType = sourcecode.swift; path = ClassDetailViewController.swift; sourceTree = "<group>"; };
		B5094A4923A2F0B300D95B76 /* RatingDetailTableViewController.swift */ = {isa = PBXFileReference; fileEncoding = 4; lastKnownFileType = sourcecode.swift; path = RatingDetailTableViewController.swift; sourceTree = "<group>"; };
/* End PBXFileReference section */

/* Begin PBXFrameworksBuildPhase section */
		B5094A2B23A2F04800D95B76 /* Frameworks */ = {
			isa = PBXFrameworksBuildPhase;
			buildActionMask = 2147483647;
			files = (
			);
			runOnlyForDeploymentPostprocessing = 0;
		};
/* End PBXFrameworksBuildPhase section */

/* Begin PBXGroup section */
		B5094A2523A2F04800D95B76 = {
			isa = PBXGroup;
			children = (
				B5094A3023A2F04800D95B76 /* CSOM Class Rating */,
				B5094A2F23A2F04800D95B76 /* Products */,
			);
			sourceTree = "<group>";
		};
		B5094A2F23A2F04800D95B76 /* Products */ = {
			isa = PBXGroup;
			children = (
				B5094A2E23A2F04800D95B76 /* CSOM Class Rating.app */,
			);
			name = Products;
			sourceTree = "<group>";
		};
		B5094A3023A2F04800D95B76 /* CSOM Class Rating */ = {
			isa = PBXGroup;
			children = (
				B5094A3123A2F04800D95B76 /* AppDelegate.swift */,
				B5094A3323A2F04800D95B76 /* ViewController.swift */,
				B5094A4323A2F09700D95B76 /* Concentration.swift */,
				B5094A4523A2F0A500D95B76 /* ConcentrationDetailViewController.swift */,
				B5094A4723A2F0AC00D95B76 /* ClassDetailViewController.swift */,
				B5094A4923A2F0B300D95B76 /* RatingDetailTableViewController.swift */,
				B5094A3523A2F04800D95B76 /* Main.storyboard */,
				B5094A3823A2F04B00D95B76 /* Assets.xcassets */,
				B5094A3A23A2F04B00D95B76 /* LaunchScreen.storyboard */,
				B5094A3D23A2F04B00D95B76 /* Info.plist */,
			);
			path = "CSOM Class Rating";
			sourceTree = "<group>";
		};
/* End PBXGroup section */

/* Begin PBXNativeTarget section */
		B5094A2D23A2F04800D95B76 /* CSOM Class Rating */ = {
			isa = PBXNativeTarget;
			buildConfigurationList = B5094A4023A2F04B00D95B76 /* Build configuration list for PBXNativeTarget "CSOM Class Rating" */;
			buildPhases = (
				B5094A2A23A2F04800D95B76 /* Sources */,
				B5094A2B23A2F04800D95B76 /* Frameworks */,
				B5094A2C23A2F04800D95B76 /* Resources */,
			);
			buildRules = (
			);
			dependencies = (
			);
			name = "CSOM Class Rating";
			productName = "CSOM Class Rating";
			productReference = B5094A2E23A2F04800D95B76 /* CSOM Class Rating.app */;
			productType = "com.apple.product-type.application";
		};
/* End PBXNativeTarget section */

/* Begin PBXProject section */
		B5094A2623A2F04800D95B76 /* Project object */ = {
			isa = PBXProject;
			attributes = {
				LastSwiftUpdateCheck = 1030;
				LastUpgradeCheck = 1030;
				ORGANIZATIONNAME = "Andres de la Cruz";
				TargetAttributes = {
					B5094A2D23A2F04800D95B76 = {
						CreatedOnToolsVersion = 10.3;
					};
				};
			};
			buildConfigurationList = B5094A2923A2F04800D95B76 /* Build configuration list for PBXProject "CSOM Class Rating" */;
			compatibilityVersion = "Xcode 9.3";
			developmentRegion = en;
			hasScannedForEncodings = 0;
			knownRegions = (
				en,
				Base,
			);
			mainGroup = B5094A2523A2F04800D95B76;
			productRefGroup = B5094A2F23A2F04800D95B76 /* Products */;
			projectDirPath = "";
			projectRoot = "";
			targets = (
				B5094A2D23A2F04800D95B76 /* CSOM Class Rating */,
			);
		};
/* End PBXProject section */

/* Begin PBXResourcesBuildPhase section */
		B5094A2C23A2F04800D95B76 /* Resources */ = {
			isa = PBXResourcesBuildPhase;
			buildActionMask = 2147483647;
			files = (
				B5094A3C23A2F04B00D95B76 /* LaunchScreen.storyboard in Resources */,
				B5094A3923A2F04B00D95B76 /* Assets.xcassets in Resources */,
				B5094A3723A2F04800D95B76 /* Main.storyboard in Resources */,
			);
			runOnlyForDeploymentPostprocessing = 0;
		};
/* End PBXResourcesBuildPhase section */

/* Begin PBXSourcesBuildPhase section */
		B5094A2A23A2F04800D95B76 /* Sources */ = {
			isa = PBXSourcesBuildPhase;
			buildActionMask = 2147483647;
			files = (
				B5094A4823A2F0AC00D95B76 /* ClassDetailViewController.swift in Sources */,
				B5094A3423A2F04800D95B76 /* ViewController.swift in Sources */,
				B5094A3223A2F04800D95B76 /* AppDelegate.swift in Sources */,
				B5094A4A23A2F0B300D95B76 /* RatingDetailTableViewController.swift in Sources */,
				B5094A4423A2F09700D95B76 /* Concentration.swift in Sources */,
				B5094A4623A2F0A500D95B76 /* ConcentrationDetailViewController.swift in Sources */,
			);
			runOnlyForDeploymentPostprocessing = 0;
		};
/* End PBXSourcesBuildPhase section */

/* Begin PBXVariantGroup section */
		B5094A3523A2F04800D95B76 /* Main.storyboard */ = {
			isa = PBXVariantGroup;
			children = (
				B5094A3623A2F04800D95B76 /* Base */,
			);
			name = Main.storyboard;
			sourceTree = "<group>";
		};
		B5094A3A23A2F04B00D95B76 /* LaunchScreen.storyboard */ = {
			isa = PBXVariantGroup;
			children = (
				B5094A3B23A2F04B00D95B76 /* Base */,
			);
			name = LaunchScreen.storyboard;
			sourceTree = "<group>";
		};
/* End PBXVariantGroup section */

/* Begin XCBuildConfiguration section */
		B5094A3E23A2F04B00D95B76 /* Debug */ = {
			isa = XCBuildConfiguration;
			buildSettings = {
				ALWAYS_SEARCH_USER_PATHS = NO;
				CLANG_ANALYZER_NONNULL = YES;
				CLANG_ANALYZER_NUMBER_OBJECT_CONVERSION = YES_AGGRESSIVE;
				CLANG_CXX_LANGUAGE_STANDARD = "gnu++14";
				CLANG_CXX_LIBRARY = "libc++";
				CLANG_ENABLE_MODULES = YES;
				CLANG_ENABLE_OBJC_ARC = YES;
				CLANG_ENABLE_OBJC_WEAK = YES;
				CLANG_WARN_BLOCK_CAPTURE_AUTORELEASING = YES;
				CLANG_WARN_BOOL_CONVERSION = YES;
				CLANG_WARN_COMMA = YES;
				CLANG_WARN_CONSTANT_CONVERSION = YES;
				CLANG_WARN_DEPRECATED_OBJC_IMPLEMENTATIONS = YES;
				CLANG_WARN_DIRECT_OBJC_ISA_USAGE = YES_ERROR;
				CLANG_WARN_DOCUMENTATION_COMMENTS = YES;
				CLANG_WARN_EMPTY_BODY = YES;
				CLANG_WARN_ENUM_CONVERSION = YES;
				CLANG_WARN_INFINITE_RECURSION = YES;
				CLANG_WARN_INT_CONVERSION = YES;
				CLANG_WARN_NON_LITERAL_NULL_CONVERSION = YES;
				CLANG_WARN_OBJC_IMPLICIT_RETAIN_SELF = YES;
				CLANG_WARN_OBJC_LITERAL_CONVERSION = YES;
				CLANG_WARN_OBJC_ROOT_CLASS = YES_ERROR;
				CLANG_WARN_RANGE_LOOP_ANALYSIS = YES;
				CLANG_WARN_STRICT_PROTOTYPES = YES;
				CLANG_WARN_SUSPICIOUS_MOVE = YES;
				CLANG_WARN_UNGUARDED_AVAILABILITY = YES_AGGRESSIVE;
				CLANG_WARN_UNREACHABLE_CODE = YES;
				CLANG_WARN__DUPLICATE_METHOD_MATCH = YES;
				CODE_SIGN_IDENTITY = "iPhone Developer";
				COPY_PHASE_STRIP = NO;
				DEBUG_INFORMATION_FORMAT = dwarf;
				ENABLE_STRICT_OBJC_MSGSEND = YES;
				ENABLE_TESTABILITY = YES;
				GCC_C_LANGUAGE_STANDARD = gnu11;
				GCC_DYNAMIC_NO_PIC = NO;
				GCC_NO_COMMON_BLOCKS = YES;
				GCC_OPTIMIZATION_LEVEL = 0;
				GCC_PREPROCESSOR_DEFINITIONS = (
					"DEBUG=1",
					"$(inherited)",
				);
				GCC_WARN_64_TO_32_BIT_CONVERSION = YES;
				GCC_WARN_ABOUT_RETURN_TYPE = YES_ERROR;
				GCC_WARN_UNDECLARED_SELECTOR = YES;
				GCC_WARN_UNINITIALIZED_AUTOS = YES_AGGRESSIVE;
				GCC_WARN_UNUSED_FUNCTION = YES;
				GCC_WARN_UNUSED_VARIABLE = YES;
				IPHONEOS_DEPLOYMENT_TARGET = 12.4;
				MTL_ENABLE_DEBUG_INFO = INCLUDE_SOURCE;
				MTL_FAST_MATH = YES;
				ONLY_ACTIVE_ARCH = YES;
				SDKROOT = iphoneos;
				SWIFT_ACTIVE_COMPILATION_CONDITIONS = DEBUG;
				SWIFT_OPTIMIZATION_LEVEL = "-Onone";
			};
			name = Debug;
		};
		B5094A3F23A2F04B00D95B76 /* Release */ = {
			isa = XCBuildConfiguration;
			buildSettings = {
				ALWAYS_SEARCH_USER_PATHS = NO;
				CLANG_ANALYZER_NONNULL = YES;
				CLANG_ANALYZER_NUMBER_OBJECT_CONVERSION = YES_AGGRESSIVE;
				CLANG_CXX_LANGUAGE_STANDARD = "gnu++14";
				CLANG_CXX_LIBRARY = "libc++";
				CLANG_ENABLE_MODULES = YES;
				CLANG_ENABLE_OBJC_ARC = YES;
				CLANG_ENABLE_OBJC_WEAK = YES;
				CLANG_WARN_BLOCK_CAPTURE_AUTORELEASING = YES;
				CLANG_WARN_BOOL_CONVERSION = YES;
				CLANG_WARN_COMMA = YES;
				CLANG_WARN_CONSTANT_CONVERSION = YES;
				CLANG_WARN_DEPRECATED_OBJC_IMPLEMENTATIONS = YES;
				CLANG_WARN_DIRECT_OBJC_ISA_USAGE = YES_ERROR;
				CLANG_WARN_DOCUMENTATION_COMMENTS = YES;
				CLANG_WARN_EMPTY_BODY = YES;
				CLANG_WARN_ENUM_CONVERSION = YES;
				CLANG_WARN_INFINITE_RECURSION = YES;
				CLANG_WARN_INT_CONVERSION = YES;
				CLANG_WARN_NON_LITERAL_NULL_CONVERSION = YES;
				CLANG_WARN_OBJC_IMPLICIT_RETAIN_SELF = YES;
				CLANG_WARN_OBJC_LITERAL_CONVERSION = YES;
				CLANG_WARN_OBJC_ROOT_CLASS = YES_ERROR;
				CLANG_WARN_RANGE_LOOP_ANALYSIS = YES;
				CLANG_WARN_STRICT_PROTOTYPES = YES;
				CLANG_WARN_SUSPICIOUS_MOVE = YES;
				CLANG_WARN_UNGUARDED_AVAILABILITY = YES_AGGRESSIVE;
				CLANG_WARN_UNREACHABLE_CODE = YES;
				CLANG_WARN__DUPLICATE_METHOD_MATCH = YES;
				CODE_SIGN_IDENTITY = "iPhone Developer";
				COPY_PHASE_STRIP = NO;
				DEBUG_INFORMATION_FORMAT = "dwarf-with-dsym";
				ENABLE_NS_ASSERTIONS = NO;
				ENABLE_STRICT_OBJC_MSGSEND = YES;
				GCC_C_LANGUAGE_STANDARD = gnu11;
				GCC_NO_COMMON_BLOCKS = YES;
				GCC_WARN_64_TO_32_BIT_CONVERSION = YES;
				GCC_WARN_ABOUT_RETURN_TYPE = YES_ERROR;
				GCC_WARN_UNDECLARED_SELECTOR = YES;
				GCC_WARN_UNINITIALIZED_AUTOS = YES_AGGRESSIVE;
				GCC_WARN_UNUSED_FUNCTION = YES;
				GCC_WARN_UNUSED_VARIABLE = YES;
				IPHONEOS_DEPLOYMENT_TARGET = 12.4;
				MTL_ENABLE_DEBUG_INFO = NO;
				MTL_FAST_MATH = YES;
				SDKROOT = iphoneos;
				SWIFT_COMPILATION_MODE = wholemodule;
				SWIFT_OPTIMIZATION_LEVEL = "-O";
				VALIDATE_PRODUCT = YES;
			};
			name = Release;
		};
		B5094A4123A2F04B00D95B76 /* Debug */ = {
			isa = XCBuildConfiguration;
			buildSettings = {
				ASSETCATALOG_COMPILER_APPICON_NAME = AppIcon;
				CODE_SIGN_STYLE = Automatic;
				DEVELOPMENT_TEAM = D7KSN5FG2D;
				INFOPLIST_FILE = "CSOM Class Rating/Info.plist";
				LD_RUNPATH_SEARCH_PATHS = (
					"$(inherited)",
					"@executable_path/Frameworks",
				);
				PRODUCT_BUNDLE_IDENTIFIER = "com.delacraa.CSOM-Class-Rating";
				PRODUCT_NAME = "$(TARGET_NAME)";
				SWIFT_VERSION = 5.0;
				TARGETED_DEVICE_FAMILY = "1,2";
			};
			name = Debug;
		};
		B5094A4223A2F04B00D95B76 /* Release */ = {
			isa = XCBuildConfiguration;
			buildSettings = {
				ASSETCATALOG_COMPILER_APPICON_NAME = AppIcon;
				CODE_SIGN_STYLE = Automatic;
				DEVELOPMENT_TEAM = D7KSN5FG2D;
				INFOPLIST_FILE = "CSOM Class Rating/Info.plist";
				LD_RUNPATH_SEARCH_PATHS = (
					"$(inherited)",
					"@executable_path/Frameworks",
				);
				PRODUCT_BUNDLE_IDENTIFIER = "com.delacraa.CSOM-Class-Rating";
				PRODUCT_NAME = "$(TARGET_NAME)";
				SWIFT_VERSION = 5.0;
				TARGETED_DEVICE_FAMILY = "1,2";
			};
			name = Release;
		};
/* End XCBuildConfiguration section */

/* Begin XCConfigurationList section */
		B5094A2923A2F04800D95B76 /* Build configuration list for PBXProject "CSOM Class Rating" */ = {
			isa = XCConfigurationList;
			buildConfigurations = (
				B5094A3E23A2F04B00D95B76 /* Debug */,
				B5094A3F23A2F04B00D95B76 /* Release */,
			);
			defaultConfigurationIsVisible = 0;
			defaultConfigurationName = Release;
		};
		B5094A4023A2F04B00D95B76 /* Build configuration list for PBXNativeTarget "CSOM Class Rating" */ = {
			isa = XCConfigurationList;
			buildConfigurations = (
				B5094A4123A2F04B00D95B76 /* Debug */,
				B5094A4223A2F04B00D95B76 /* Release */,
			);
			defaultConfigurationIsVisible = 0;
			defaultConfigurationName = Release;
		};
/* End XCConfigurationList section */
	};
	rootObject = B5094A2623A2F04800D95B76 /* Project object */;
}
